
Microsoft Visual Studio Solution File, Format Version 12.00
# Visual Studio Version 17
VisualStudioVersion = 17.2.32526.322
MinimumVisualStudioVersion = 10.0.40219.1
Project("{9A19103F-16F7-4668-BE54-9A1E7A4F7556}") = "KindleViewer", "KindleViewer.csproj", "{58180F8B-D173-46A8-BE72-7ADB88407E65}"
EndProject
Global
	GlobalSection(SolutionConfigurationPlatforms) = preSolution
		Debug|Any CPU = Debug|Any CPU
		Release|Any CPU = Release|Any CPU
	EndGlobalSection
	GlobalSection(ProjectConfigurationPlatforms) = postSolution
		{58180F8B-D173-46A8-BE72-7ADB88407E65}.Debug|Any CPU.ActiveCfg = Debug|Any CPU
		{58180F8B-D173-46A8-BE72-7ADB88407E65}.Debug|Any CPU.Build.0 = Debug|Any CPU
		{58180F8B-D173-46A8-BE72-7ADB88407E65}.Release|Any CPU.ActiveCfg = Release|Any CPU
		{58180F8B-D173-46A8-BE72-7ADB88407E65}.Release|Any CPU.Build.0 = Release|Any CPU
	EndGlobalSection
	GlobalSection(SolutionProperties) = preSolution
		HideSolutionNode = FALSE
	EndGlobalSection
	GlobalSection(ExtensibilityGlobals) = postSolution
		SolutionGuid = {359A559B-F5E8-480B-A2BB-0A5E98ADA928}
	EndGlobalSection
EndGlobal
